
Microsoft Visual Studio Solution File, Format Version 12.00
# Visual Studio 14
VisualStudioVersion = 14.0.25420.1
MinimumVisualStudioVersion = 10.0.40219.1
Project("{FAE04EC0-301F-11D3-BF4B-00C04F79EFBC}") = "FnoSharp", "FnoSharp\FnoSharp.csproj", "{1BEFD4B0-42F1-4AD4-9394-F03839A33B3A}"
EndProject
Project("{2150E333-8FDC-42A3-9474-1A3956D46DE8}") = "UnitTests", "UnitTests", "{FF7322E9-5DCB-4496-A6B7-D0678A4BB811}"
EndProject
Project("{FAE04EC0-301F-11D3-BF4B-00C04F79EFBC}") = "FnoSharp.Tests", "UnitTests\FnoSharp.Tests\FnoSharp.Tests.csproj", "{E191B2DA-9B94-49FE-8AFC-D021F53ED1DF}"
EndProject
Project("{FAE04EC0-301F-11D3-BF4B-00C04F79EFBC}") = "FnoSharp.NuGet", "FnoSharp.NuGet\FnoSharp.NuGet.csproj", "{0451BAEF-DF2E-4B98-8644-94EE9415E389}"
	ProjectSection(ProjectDependencies) = postProject
		{1BEFD4B0-42F1-4AD4-9394-F03839A33B3A} = {1BEFD4B0-42F1-4AD4-9394-F03839A33B3A}
	EndProjectSection
EndProject
Global
	GlobalSection(SolutionConfigurationPlatforms) = preSolution
		Debug|Any CPU = Debug|Any CPU
		Release|Any CPU = Release|Any CPU
	EndGlobalSection
	GlobalSection(ProjectConfigurationPlatforms) = postSolution
		{1BEFD4B0-42F1-4AD4-9394-F03839A33B3A}.Debug|Any CPU.ActiveCfg = Debug|Any CPU
		{1BEFD4B0-42F1-4AD4-9394-F03839A33B3A}.Debug|Any CPU.Build.0 = Debug|Any CPU
		{1BEFD4B0-42F1-4AD4-9394-F03839A33B3A}.Release|Any CPU.ActiveCfg = Release|Any CPU
		{1BEFD4B0-42F1-4AD4-9394-F03839A33B3A}.Release|Any CPU.Build.0 = Release|Any CPU
		{E191B2DA-9B94-49FE-8AFC-D021F53ED1DF}.Debug|Any CPU.ActiveCfg = Debug|Any CPU
		{E191B2DA-9B94-49FE-8AFC-D021F53ED1DF}.Debug|Any CPU.Build.0 = Debug|Any CPU
		{E191B2DA-9B94-49FE-8AFC-D021F53ED1DF}.Release|Any CPU.ActiveCfg = Release|Any CPU
		{E191B2DA-9B94-49FE-8AFC-D021F53ED1DF}.Release|Any CPU.Build.0 = Release|Any CPU
		{0451BAEF-DF2E-4B98-8644-94EE9415E389}.Debug|Any CPU.ActiveCfg = Debug|Any CPU
		{0451BAEF-DF2E-4B98-8644-94EE9415E389}.Debug|Any CPU.Build.0 = Debug|Any CPU
		{0451BAEF-DF2E-4B98-8644-94EE9415E389}.Release|Any CPU.ActiveCfg = Release|Any CPU
		{0451BAEF-DF2E-4B98-8644-94EE9415E389}.Release|Any CPU.Build.0 = Release|Any CPU
	EndGlobalSection
	GlobalSection(SolutionProperties) = preSolution
		HideSolutionNode = FALSE
	EndGlobalSection
	GlobalSection(NestedProjects) = preSolution
		{E191B2DA-9B94-49FE-8AFC-D021F53ED1DF} = {FF7322E9-5DCB-4496-A6B7-D0678A4BB811}
	EndGlobalSection
EndGlobal
